<Solution>
  <Project Path="AchievementWorker/AchievementWorker.csproj" Id="6bfc9e23-2a00-4800-91e2-7cfd1fd4f741" />
  <Project Path="EventCollector/EventCollector.csproj" Id="0155b9c1-14bd-4df8-b783-a061e0b4464b" />
  <Project Path="SampleWebApi/SampleWebApi.csproj" />
  <Project Path="ServerShared/ServerShared.csproj" Id="fe58abe4-1b45-4091-81df-19362107f1f5" />
  <Project Path="ServerTest/ServerTest.csproj" Id="1211ebe6-dea1-4a7e-83bb-9f928a4ee6d4" />
  <Project Path="Shared/Shared.csproj" />
</Solution>
